// !$*UTF8*$!
{
	archiveVersion = 1;
	classes = {
	};
	objectVersion = 55;
	objects = {

/* Begin PBXBuildFile section */
		88BD88ED270E0C3E008F30DE /* AppDelegate.swift in Sources */ = {isa = PBXBuildFile; fileRef = 88BD88EC270E0C3E008F30DE /* AppDelegate.swift */; };
		88BD88EF270E0C3E008F30DE /* SceneDelegate.swift in Sources */ = {isa = PBXBuildFile; fileRef = 88BD88EE270E0C3E008F30DE /* SceneDelegate.swift */; };
		88BD88F6270E0C40008F30DE /* Assets.xcassets in Resources */ = {isa = PBXBuildFile; fileRef = 88BD88F5270E0C40008F30DE /* Assets.xcassets */; };
		88BD88F9270E0C40008F30DE /* LaunchScreen.storyboard in Resources */ = {isa = PBXBuildFile; fileRef = 88BD88F7270E0C40008F30DE /* LaunchScreen.storyboard */; };
		88BD8908270E0ED1008F30DE /* ComicsVC.swift in Sources */ = {isa = PBXBuildFile; fileRef = 88BD8907270E0ED1008F30DE /* ComicsVC.swift */; };
		88BD890A270E0EE3008F30DE /* SearchVC.swift in Sources */ = {isa = PBXBuildFile; fileRef = 88BD8909270E0EE3008F30DE /* SearchVC.swift */; };
		88BD890D270E0F51008F30DE /* ComicsCell.swift in Sources */ = {isa = PBXBuildFile; fileRef = 88BD890C270E0F51008F30DE /* ComicsCell.swift */; };
		88BD8910270E0F77008F30DE /* CustomTextField.swift in Sources */ = {isa = PBXBuildFile; fileRef = 88BD890F270E0F77008F30DE /* CustomTextField.swift */; };
		88BD8913270E0FEC008F30DE /* CustomLabel.swift in Sources */ = {isa = PBXBuildFile; fileRef = 88BD8912270E0FEC008F30DE /* CustomLabel.swift */; };
		88BD8915270E105C008F30DE /* CustomErrors.swift in Sources */ = {isa = PBXBuildFile; fileRef = 88BD8914270E105C008F30DE /* CustomErrors.swift */; };
		88BD8917270E1070008F30DE /* NetworkManager.swift in Sources */ = {isa = PBXBuildFile; fileRef = 88BD8916270E1070008F30DE /* NetworkManager.swift */; };
/* End PBXBuildFile section */

/* Begin PBXFileReference section */
		88BD88E9270E0C3E008F30DE /* Marvel Comics App.app */ = {isa = PBXFileReference; explicitFileType = wrapper.application; includeInIndex = 0; path = "Marvel Comics App.app"; sourceTree = BUILT_PRODUCTS_DIR; };
		88BD88EC270E0C3E008F30DE /* AppDelegate.swift */ = {isa = PBXFileReference; lastKnownFileType = sourcecode.swift; path = AppDelegate.swift; sourceTree = "<group>"; };
		88BD88EE270E0C3E008F30DE /* SceneDelegate.swift */ = {isa = PBXFileReference; lastKnownFileType = sourcecode.swift; path = SceneDelegate.swift; sourceTree = "<group>"; };
		88BD88F5270E0C40008F30DE /* Assets.xcassets */ = {isa = PBXFileReference; lastKnownFileType = folder.assetcatalog; path = Assets.xcassets; sourceTree = "<group>"; };
		88BD88F8270E0C40008F30DE /* Base */ = {isa = PBXFileReference; lastKnownFileType = file.storyboard; name = Base; path = Base.lproj/LaunchScreen.storyboard; sourceTree = "<group>"; };
		88BD88FA270E0C40008F30DE /* Info.plist */ = {isa = PBXFileReference; lastKnownFileType = text.plist.xml; path = Info.plist; sourceTree = "<group>"; };
		88BD8907270E0ED1008F30DE /* ComicsVC.swift */ = {isa = PBXFileReference; lastKnownFileType = sourcecode.swift; path = ComicsVC.swift; sourceTree = "<group>"; };
		88BD8909270E0EE3008F30DE /* SearchVC.swift */ = {isa = PBXFileReference; lastKnownFileType = sourcecode.swift; path = SearchVC.swift; sourceTree = "<group>"; };
		88BD890C270E0F51008F30DE /* ComicsCell.swift */ = {isa = PBXFileReference; lastKnownFileType = sourcecode.swift; path = ComicsCell.swift; sourceTree = "<group>"; };
		88BD890F270E0F77008F30DE /* CustomTextField.swift */ = {isa = PBXFileReference; lastKnownFileType = sourcecode.swift; path = CustomTextField.swift; sourceTree = "<group>"; };
		88BD8912270E0FEC008F30DE /* CustomLabel.swift */ = {isa = PBXFileReference; lastKnownFileType = sourcecode.swift; path = CustomLabel.swift; sourceTree = "<group>"; };
		88BD8914270E105C008F30DE /* CustomErrors.swift */ = {isa = PBXFileReference; lastKnownFileType = sourcecode.swift; path = CustomErrors.swift; sourceTree = "<group>"; };
		88BD8916270E1070008F30DE /* NetworkManager.swift */ = {isa = PBXFileReference; lastKnownFileType = sourcecode.swift; path = NetworkManager.swift; sourceTree = "<group>"; };
/* End PBXFileReference section */

/* Begin PBXFrameworksBuildPhase section */
		88BD88E6270E0C3E008F30DE /* Frameworks */ = {
			isa = PBXFrameworksBuildPhase;
			buildActionMask = 2147483647;
			files = (
			);
			runOnlyForDeploymentPostprocessing = 0;
		};
/* End PBXFrameworksBuildPhase section */

/* Begin PBXGroup section */
		88BD88E0270E0C3E008F30DE = {
			isa = PBXGroup;
			children = (
				88BD88EB270E0C3E008F30DE /* Marvel Comics App */,
				88BD88EA270E0C3E008F30DE /* Products */,
			);
			sourceTree = "<group>";
		};
		88BD88EA270E0C3E008F30DE /* Products */ = {
			isa = PBXGroup;
			children = (
				88BD88E9270E0C3E008F30DE /* Marvel Comics App.app */,
			);
			name = Products;
			sourceTree = "<group>";
		};
		88BD88EB270E0C3E008F30DE /* Marvel Comics App */ = {
			isa = PBXGroup;
			children = (
				88BD8906270E0E0E008F30DE /* AppDelegate */,
				88BD8901270E0DEC008F30DE /* Managers */,
				88BD8900270E0DE4008F30DE /* Models */,
				88BD8902270E0DF2008F30DE /* Views */,
				88BD8903270E0DF9008F30DE /* Controllers */,
				88BD8905270E0E05008F30DE /* Utilities */,
				88BD8904270E0E01008F30DE /* Resources */,
			);
			path = "Marvel Comics App";
			sourceTree = "<group>";
		};
		88BD8900270E0DE4008F30DE /* Models */ = {
			isa = PBXGroup;
			children = (
			);
			path = Models;
			sourceTree = "<group>";
		};
		88BD8901270E0DEC008F30DE /* Managers */ = {
			isa = PBXGroup;
			children = (
				88BD8916270E1070008F30DE /* NetworkManager.swift */,
			);
			path = Managers;
			sourceTree = "<group>";
		};
		88BD8902270E0DF2008F30DE /* Views */ = {
			isa = PBXGroup;
			children = (
				88BD8911270E0FDE008F30DE /* Labels */,
				88BD890E270E0F5E008F30DE /* Text Fields */,
				88BD890B270E0F39008F30DE /* Cells */,
			);
			path = Views;
			sourceTree = "<group>";
		};
		88BD8903270E0DF9008F30DE /* Controllers */ = {
			isa = PBXGroup;
			children = (
				88BD8907270E0ED1008F30DE /* ComicsVC.swift */,
				88BD8909270E0EE3008F30DE /* SearchVC.swift */,
			);
			path = Controllers;
			sourceTree = "<group>";
		};
		88BD8904270E0E01008F30DE /* Resources */ = {
			isa = PBXGroup;
			children = (
				88BD88F5270E0C40008F30DE /* Assets.xcassets */,
				88BD88F7270E0C40008F30DE /* LaunchScreen.storyboard */,
				88BD88FA270E0C40008F30DE /* Info.plist */,
			);
			path = Resources;
			sourceTree = "<group>";
		};
		88BD8905270E0E05008F30DE /* Utilities */ = {
			isa = PBXGroup;
			children = (
				88BD8914270E105C008F30DE /* CustomErrors.swift */,
			);
			path = Utilities;
			sourceTree = "<group>";
		};
		88BD8906270E0E0E008F30DE /* AppDelegate */ = {
			isa = PBXGroup;
			children = (
				88BD88EC270E0C3E008F30DE /* AppDelegate.swift */,
				88BD88EE270E0C3E008F30DE /* SceneDelegate.swift */,
			);
			path = AppDelegate;
			sourceTree = "<group>";
		};
		88BD890B270E0F39008F30DE /* Cells */ = {
			isa = PBXGroup;
			children = (
				88BD890C270E0F51008F30DE /* ComicsCell.swift */,
			);
			path = Cells;
			sourceTree = "<group>";
		};
		88BD890E270E0F5E008F30DE /* Text Fields */ = {
			isa = PBXGroup;
			children = (
				88BD890F270E0F77008F30DE /* CustomTextField.swift */,
			);
			path = "Text Fields";
			sourceTree = "<group>";
		};
		88BD8911270E0FDE008F30DE /* Labels */ = {
			isa = PBXGroup;
			children = (
				88BD8912270E0FEC008F30DE /* CustomLabel.swift */,
			);
			path = Labels;
			sourceTree = "<group>";
		};
/* End PBXGroup section */

/* Begin PBXNativeTarget section */
		88BD88E8270E0C3E008F30DE /* Marvel Comics App */ = {
			isa = PBXNativeTarget;
			buildConfigurationList = 88BD88FD270E0C40008F30DE /* Build configuration list for PBXNativeTarget "Marvel Comics App" */;
			buildPhases = (
				88BD88E5270E0C3E008F30DE /* Sources */,
				88BD88E6270E0C3E008F30DE /* Frameworks */,
				88BD88E7270E0C3E008F30DE /* Resources */,
			);
			buildRules = (
			);
			dependencies = (
			);
			name = "Marvel Comics App";
			productName = "Marvel Comics App";
			productReference = 88BD88E9270E0C3E008F30DE /* Marvel Comics App.app */;
			productType = "com.apple.product-type.application";
		};
/* End PBXNativeTarget section */

/* Begin PBXProject section */
		88BD88E1270E0C3E008F30DE /* Project object */ = {
			isa = PBXProject;
			attributes = {
				BuildIndependentTargetsInParallel = 1;
				LastSwiftUpdateCheck = 1300;
				LastUpgradeCheck = 1300;
				TargetAttributes = {
					88BD88E8270E0C3E008F30DE = {
						CreatedOnToolsVersion = 13.0;
					};
				};
			};
			buildConfigurationList = 88BD88E4270E0C3E008F30DE /* Build configuration list for PBXProject "Marvel Comics App" */;
			compatibilityVersion = "Xcode 13.0";
			developmentRegion = en;
			hasScannedForEncodings = 0;
			knownRegions = (
				en,
				Base,
			);
			mainGroup = 88BD88E0270E0C3E008F30DE;
			productRefGroup = 88BD88EA270E0C3E008F30DE /* Products */;
			projectDirPath = "";
			projectRoot = "";
			targets = (
				88BD88E8270E0C3E008F30DE /* Marvel Comics App */,
			);
		};
/* End PBXProject section */

/* Begin PBXResourcesBuildPhase section */
		88BD88E7270E0C3E008F30DE /* Resources */ = {
			isa = PBXResourcesBuildPhase;
			buildActionMask = 2147483647;
			files = (
				88BD88F9270E0C40008F30DE /* LaunchScreen.storyboard in Resources */,
				88BD88F6270E0C40008F30DE /* Assets.xcassets in Resources */,
			);
			runOnlyForDeploymentPostprocessing = 0;
		};
/* End PBXResourcesBuildPhase section */

/* Begin PBXSourcesBuildPhase section */
		88BD88E5270E0C3E008F30DE /* Sources */ = {
			isa = PBXSourcesBuildPhase;
			buildActionMask = 2147483647;
			files = (
				88BD8917270E1070008F30DE /* NetworkManager.swift in Sources */,
				88BD890A270E0EE3008F30DE /* SearchVC.swift in Sources */,
				88BD88ED270E0C3E008F30DE /* AppDelegate.swift in Sources */,
				88BD8910270E0F77008F30DE /* CustomTextField.swift in Sources */,
				88BD8913270E0FEC008F30DE /* CustomLabel.swift in Sources */,
				88BD890D270E0F51008F30DE /* ComicsCell.swift in Sources */,
				88BD8915270E105C008F30DE /* CustomErrors.swift in Sources */,
				88BD8908270E0ED1008F30DE /* ComicsVC.swift in Sources */,
				88BD88EF270E0C3E008F30DE /* SceneDelegate.swift in Sources */,
			);
			runOnlyForDeploymentPostprocessing = 0;
		};
/* End PBXSourcesBuildPhase section */

/* Begin PBXVariantGroup section */
		88BD88F7270E0C40008F30DE /* LaunchScreen.storyboard */ = {
			isa = PBXVariantGroup;
			children = (
				88BD88F8270E0C40008F30DE /* Base */,
			);
			name = LaunchScreen.storyboard;
			sourceTree = "<group>";
		};
/* End PBXVariantGroup section */

/* Begin XCBuildConfiguration section */
		88BD88FB270E0C40008F30DE /* Debug */ = {
			isa = XCBuildConfiguration;
			buildSettings = {
				ALWAYS_SEARCH_USER_PATHS = NO;
				CLANG_ANALYZER_NONNULL = YES;
				CLANG_ANALYZER_NUMBER_OBJECT_CONVERSION = YES_AGGRESSIVE;
				CLANG_CXX_LANGUAGE_STANDARD = "gnu++17";
				CLANG_CXX_LIBRARY = "libc++";
				CLANG_ENABLE_MODULES = YES;
				CLANG_ENABLE_OBJC_ARC = YES;
				CLANG_ENABLE_OBJC_WEAK = YES;
				CLANG_WARN_BLOCK_CAPTURE_AUTORELEASING = YES;
				CLANG_WARN_BOOL_CONVERSION = YES;
				CLANG_WARN_COMMA = YES;
				CLANG_WARN_CONSTANT_CONVERSION = YES;
				CLANG_WARN_DEPRECATED_OBJC_IMPLEMENTATIONS = YES;
				CLANG_WARN_DIRECT_OBJC_ISA_USAGE = YES_ERROR;
				CLANG_WARN_DOCUMENTATION_COMMENTS = YES;
				CLANG_WARN_EMPTY_BODY = YES;
				CLANG_WARN_ENUM_CONVERSION = YES;
				CLANG_WARN_INFINITE_RECURSION = YES;
				CLANG_WARN_INT_CONVERSION = YES;
				CLANG_WARN_NON_LITERAL_NULL_CONVERSION = YES;
				CLANG_WARN_OBJC_IMPLICIT_RETAIN_SELF = YES;
				CLANG_WARN_OBJC_LITERAL_CONVERSION = YES;
				CLANG_WARN_OBJC_ROOT_CLASS = YES_ERROR;
				CLANG_WARN_QUOTED_INCLUDE_IN_FRAMEWORK_HEADER = YES;
				CLANG_WARN_RANGE_LOOP_ANALYSIS = YES;
				CLANG_WARN_STRICT_PROTOTYPES = YES;
				CLANG_WARN_SUSPICIOUS_MOVE = YES;
				CLANG_WARN_UNGUARDED_AVAILABILITY = YES_AGGRESSIVE;
				CLANG_WARN_UNREACHABLE_CODE = YES;
				CLANG_WARN__DUPLICATE_METHOD_MATCH = YES;
				COPY_PHASE_STRIP = NO;
				DEBUG_INFORMATION_FORMAT = dwarf;
				ENABLE_STRICT_OBJC_MSGSEND = YES;
				ENABLE_TESTABILITY = YES;
				GCC_C_LANGUAGE_STANDARD = gnu11;
				GCC_DYNAMIC_NO_PIC = NO;
				GCC_NO_COMMON_BLOCKS = YES;
				GCC_OPTIMIZATION_LEVEL = 0;
				GCC_PREPROCESSOR_DEFINITIONS = (
					"DEBUG=1",
					"$(inherited)",
				);
				GCC_WARN_64_TO_32_BIT_CONVERSION = YES;
				GCC_WARN_ABOUT_RETURN_TYPE = YES_ERROR;
				GCC_WARN_UNDECLARED_SELECTOR = YES;
				GCC_WARN_UNINITIALIZED_AUTOS = YES_AGGRESSIVE;
				GCC_WARN_UNUSED_FUNCTION = YES;
				GCC_WARN_UNUSED_VARIABLE = YES;
				IPHONEOS_DEPLOYMENT_TARGET = 15.0;
				MTL_ENABLE_DEBUG_INFO = INCLUDE_SOURCE;
				MTL_FAST_MATH = YES;
				ONLY_ACTIVE_ARCH = YES;
				SDKROOT = iphoneos;
				SWIFT_ACTIVE_COMPILATION_CONDITIONS = DEBUG;
				SWIFT_OPTIMIZATION_LEVEL = "-Onone";
			};
			name = Debug;
		};
		88BD88FC270E0C40008F30DE /* Release */ = {
			isa = XCBuildConfiguration;
			buildSettings = {
				ALWAYS_SEARCH_USER_PATHS = NO;
				CLANG_ANALYZER_NONNULL = YES;
				CLANG_ANALYZER_NUMBER_OBJECT_CONVERSION = YES_AGGRESSIVE;
				CLANG_CXX_LANGUAGE_STANDARD = "gnu++17";
				CLANG_CXX_LIBRARY = "libc++";
				CLANG_ENABLE_MODULES = YES;
				CLANG_ENABLE_OBJC_ARC = YES;
				CLANG_ENABLE_OBJC_WEAK = YES;
				CLANG_WARN_BLOCK_CAPTURE_AUTORELEASING = YES;
				CLANG_WARN_BOOL_CONVERSION = YES;
				CLANG_WARN_COMMA = YES;
				CLANG_WARN_CONSTANT_CONVERSION = YES;
				CLANG_WARN_DEPRECATED_OBJC_IMPLEMENTATIONS = YES;
				CLANG_WARN_DIRECT_OBJC_ISA_USAGE = YES_ERROR;
				CLANG_WARN_DOCUMENTATION_COMMENTS = YES;
				CLANG_WARN_EMPTY_BODY = YES;
				CLANG_WARN_ENUM_CONVERSION = YES;
				CLANG_WARN_INFINITE_RECURSION = YES;
				CLANG_WARN_INT_CONVERSION = YES;
				CLANG_WARN_NON_LITERAL_NULL_CONVERSION = YES;
				CLANG_WARN_OBJC_IMPLICIT_RETAIN_SELF = YES;
				CLANG_WARN_OBJC_LITERAL_CONVERSION = YES;
				CLANG_WARN_OBJC_ROOT_CLASS = YES_ERROR;
				CLANG_WARN_QUOTED_INCLUDE_IN_FRAMEWORK_HEADER = YES;
				CLANG_WARN_RANGE_LOOP_ANALYSIS = YES;
				CLANG_WARN_STRICT_PROTOTYPES = YES;
				CLANG_WARN_SUSPICIOUS_MOVE = YES;
				CLANG_WARN_UNGUARDED_AVAILABILITY = YES_AGGRESSIVE;
				CLANG_WARN_UNREACHABLE_CODE = YES;
				CLANG_WARN__DUPLICATE_METHOD_MATCH = YES;
				COPY_PHASE_STRIP = NO;
				DEBUG_INFORMATION_FORMAT = "dwarf-with-dsym";
				ENABLE_NS_ASSERTIONS = NO;
				ENABLE_STRICT_OBJC_MSGSEND = YES;
				GCC_C_LANGUAGE_STANDARD = gnu11;
				GCC_NO_COMMON_BLOCKS = YES;
				GCC_WARN_64_TO_32_BIT_CONVERSION = YES;
				GCC_WARN_ABOUT_RETURN_TYPE = YES_ERROR;
				GCC_WARN_UNDECLARED_SELECTOR = YES;
				GCC_WARN_UNINITIALIZED_AUTOS = YES_AGGRESSIVE;
				GCC_WARN_UNUSED_FUNCTION = YES;
				GCC_WARN_UNUSED_VARIABLE = YES;
				IPHONEOS_DEPLOYMENT_TARGET = 15.0;
				MTL_ENABLE_DEBUG_INFO = NO;
				MTL_FAST_MATH = YES;
				SDKROOT = iphoneos;
				SWIFT_COMPILATION_MODE = wholemodule;
				SWIFT_OPTIMIZATION_LEVEL = "-O";
				VALIDATE_PRODUCT = YES;
			};
			name = Release;
		};
		88BD88FE270E0C40008F30DE /* Debug */ = {
			isa = XCBuildConfiguration;
			buildSettings = {
				ASSETCATALOG_COMPILER_APPICON_NAME = AppIcon;
				ASSETCATALOG_COMPILER_GLOBAL_ACCENT_COLOR_NAME = AccentColor;
				CODE_SIGN_STYLE = Automatic;
				CURRENT_PROJECT_VERSION = 1;
				DEVELOPMENT_TEAM = 8Y8FFN6N8G;
				GENERATE_INFOPLIST_FILE = YES;
				INFOPLIST_FILE = "Marvel Comics App/Resources/Info.plist";
				INFOPLIST_KEY_UIApplicationSupportsIndirectInputEvents = YES;
				INFOPLIST_KEY_UILaunchStoryboardName = LaunchScreen;
				INFOPLIST_KEY_UISupportedInterfaceOrientations_iPad = "UIInterfaceOrientationPortrait UIInterfaceOrientationPortraitUpsideDown UIInterfaceOrientationLandscapeLeft UIInterfaceOrientationLandscapeRight";
				INFOPLIST_KEY_UISupportedInterfaceOrientations_iPhone = "UIInterfaceOrientationPortrait UIInterfaceOrientationLandscapeLeft UIInterfaceOrientationLandscapeRight";
				LD_RUNPATH_SEARCH_PATHS = (
					"$(inherited)",
					"@executable_path/Frameworks",
				);
				MARKETING_VERSION = 1.0;
				PRODUCT_BUNDLE_IDENTIFIER = "com.dev.jakubkociucki.Marvel-Comics-App";
				PRODUCT_NAME = "$(TARGET_NAME)";
				SWIFT_EMIT_LOC_STRINGS = YES;
				SWIFT_VERSION = 5.0;
				TARGETED_DEVICE_FAMILY = "1,2";
			};
			name = Debug;
		};
		88BD88FF270E0C40008F30DE /* Release */ = {
			isa = XCBuildConfiguration;
			buildSettings = {
				ASSETCATALOG_COMPILER_APPICON_NAME = AppIcon;
				ASSETCATALOG_COMPILER_GLOBAL_ACCENT_COLOR_NAME = AccentColor;
				CODE_SIGN_STYLE = Automatic;
				CURRENT_PROJECT_VERSION = 1;
				DEVELOPMENT_TEAM = 8Y8FFN6N8G;
				GENERATE_INFOPLIST_FILE = YES;
				INFOPLIST_FILE = "Marvel Comics App/Resources/Info.plist";
				INFOPLIST_KEY_UIApplicationSupportsIndirectInputEvents = YES;
				INFOPLIST_KEY_UILaunchStoryboardName = LaunchScreen;
				INFOPLIST_KEY_UISupportedInterfaceOrientations_iPad = "UIInterfaceOrientationPortrait UIInterfaceOrientationPortraitUpsideDown UIInterfaceOrientationLandscapeLeft UIInterfaceOrientationLandscapeRight";
				INFOPLIST_KEY_UISupportedInterfaceOrientations_iPhone = "UIInterfaceOrientationPortrait UIInterfaceOrientationLandscapeLeft UIInterfaceOrientationLandscapeRight";
				LD_RUNPATH_SEARCH_PATHS = (
					"$(inherited)",
					"@executable_path/Frameworks",
				);
				MARKETING_VERSION = 1.0;
				PRODUCT_BUNDLE_IDENTIFIER = "com.dev.jakubkociucki.Marvel-Comics-App";
				PRODUCT_NAME = "$(TARGET_NAME)";
				SWIFT_EMIT_LOC_STRINGS = YES;
				SWIFT_VERSION = 5.0;
				TARGETED_DEVICE_FAMILY = "1,2";
			};
			name = Release;
		};
/* End XCBuildConfiguration section */

/* Begin XCConfigurationList section */
		88BD88E4270E0C3E008F30DE /* Build configuration list for PBXProject "Marvel Comics App" */ = {
			isa = XCConfigurationList;
			buildConfigurations = (
				88BD88FB270E0C40008F30DE /* Debug */,
				88BD88FC270E0C40008F30DE /* Release */,
			);
			defaultConfigurationIsVisible = 0;
			defaultConfigurationName = Release;
		};
		88BD88FD270E0C40008F30DE /* Build configuration list for PBXNativeTarget "Marvel Comics App" */ = {
			isa = XCConfigurationList;
			buildConfigurations = (
				88BD88FE270E0C40008F30DE /* Debug */,
				88BD88FF270E0C40008F30DE /* Release */,
			);
			defaultConfigurationIsVisible = 0;
			defaultConfigurationName = Release;
		};
/* End XCConfigurationList section */
	};
	rootObject = 88BD88E1270E0C3E008F30DE /* Project object */;
}
